
Microsoft Visual Studio Solution File, Format Version 12.00
# Visual Studio 14
VisualStudioVersion = 14.0.25420.1
MinimumVisualStudioVersion = 10.0.40219.1
Project("{FAE04EC0-301F-11D3-BF4B-00C04F79EFBC}") = "L2dotNET.LoginService", "L2dotNET.LoginService\L2dotNET.LoginService.csproj", "{960CD325-3EEB-4AAA-9C67-727ECDE884BB}"
EndProject
Project("{FAE04EC0-301F-11D3-BF4B-00C04F79EFBC}") = "L2dotNET.GameService", "L2dotNET.GameService\L2dotNET.GameService.csproj", "{991E13B3-EB83-46C1-9F63-6ED3E332F88F}"
EndProject
Project("{FAE04EC0-301F-11D3-BF4B-00C04F79EFBC}") = "L2dotNET.Repositories", "L2dotNET.Repositories\L2dotNET.Repositories.csproj", "{34030AFB-511D-4A7A-8711-71E0364E2F64}"
EndProject
Project("{FAE04EC0-301F-11D3-BF4B-00C04F79EFBC}") = "L2dotNET.Services", "L2dotNET.Services\L2dotNET.Services.csproj", "{0A70C676-F9BD-4593-9EF4-B22F8E170AED}"
EndProject
Project("{FAE04EC0-301F-11D3-BF4B-00C04F79EFBC}") = "L2dotNET.Models", "L2dotNET.Models\L2dotNET.Models.csproj", "{89E4EEF5-7121-435C-817F-1CD8D595F72A}"
EndProject
Project("{FAE04EC0-301F-11D3-BF4B-00C04F79EFBC}") = "L2dotNET", "L2dotNET\L2dotNET.csproj", "{00EE35EE-F920-4A50-B9BD-AAB02DA5C066}"
EndProject
Project("{FAE04EC0-301F-11D3-BF4B-00C04F79EFBC}") = "TestPlugin", "TestPlugin\TestPlugin.csproj", "{BF27AA81-F01A-45EC-A913-91C406A0620D}"
EndProject
Global
	GlobalSection(SolutionConfigurationPlatforms) = preSolution
		Debug|Any CPU = Debug|Any CPU
		Debug|x86 = Debug|x86
		Release|Any CPU = Release|Any CPU
		Release|x86 = Release|x86
	EndGlobalSection
	GlobalSection(ProjectConfigurationPlatforms) = postSolution
		{960CD325-3EEB-4AAA-9C67-727ECDE884BB}.Debug|Any CPU.ActiveCfg = Debug|Any CPU
		{960CD325-3EEB-4AAA-9C67-727ECDE884BB}.Debug|Any CPU.Build.0 = Debug|Any CPU
		{960CD325-3EEB-4AAA-9C67-727ECDE884BB}.Debug|x86.ActiveCfg = Debug|x86
		{960CD325-3EEB-4AAA-9C67-727ECDE884BB}.Debug|x86.Build.0 = Debug|x86
		{960CD325-3EEB-4AAA-9C67-727ECDE884BB}.Release|Any CPU.ActiveCfg = Release|Any CPU
		{960CD325-3EEB-4AAA-9C67-727ECDE884BB}.Release|Any CPU.Build.0 = Release|Any CPU
		{960CD325-3EEB-4AAA-9C67-727ECDE884BB}.Release|x86.ActiveCfg = Release|x86
		{960CD325-3EEB-4AAA-9C67-727ECDE884BB}.Release|x86.Build.0 = Release|x86
		{991E13B3-EB83-46C1-9F63-6ED3E332F88F}.Debug|Any CPU.ActiveCfg = Debug|Any CPU
		{991E13B3-EB83-46C1-9F63-6ED3E332F88F}.Debug|Any CPU.Build.0 = Debug|Any CPU
		{991E13B3-EB83-46C1-9F63-6ED3E332F88F}.Debug|x86.ActiveCfg = Debug|x86
		{991E13B3-EB83-46C1-9F63-6ED3E332F88F}.Debug|x86.Build.0 = Debug|x86
		{991E13B3-EB83-46C1-9F63-6ED3E332F88F}.Release|Any CPU.ActiveCfg = Release|Any CPU
		{991E13B3-EB83-46C1-9F63-6ED3E332F88F}.Release|Any CPU.Build.0 = Release|Any CPU
		{991E13B3-EB83-46C1-9F63-6ED3E332F88F}.Release|x86.ActiveCfg = Release|x86
		{991E13B3-EB83-46C1-9F63-6ED3E332F88F}.Release|x86.Build.0 = Release|x86
		{34030AFB-511D-4A7A-8711-71E0364E2F64}.Debug|Any CPU.ActiveCfg = Debug|Any CPU
		{34030AFB-511D-4A7A-8711-71E0364E2F64}.Debug|Any CPU.Build.0 = Debug|Any CPU
		{34030AFB-511D-4A7A-8711-71E0364E2F64}.Debug|x86.ActiveCfg = Debug|Any CPU
		{34030AFB-511D-4A7A-8711-71E0364E2F64}.Debug|x86.Build.0 = Debug|Any CPU
		{34030AFB-511D-4A7A-8711-71E0364E2F64}.Release|Any CPU.ActiveCfg = Release|Any CPU
		{34030AFB-511D-4A7A-8711-71E0364E2F64}.Release|Any CPU.Build.0 = Release|Any CPU
		{34030AFB-511D-4A7A-8711-71E0364E2F64}.Release|x86.ActiveCfg = Release|Any CPU
		{34030AFB-511D-4A7A-8711-71E0364E2F64}.Release|x86.Build.0 = Release|Any CPU
		{0A70C676-F9BD-4593-9EF4-B22F8E170AED}.Debug|Any CPU.ActiveCfg = Debug|Any CPU
		{0A70C676-F9BD-4593-9EF4-B22F8E170AED}.Debug|Any CPU.Build.0 = Debug|Any CPU
		{0A70C676-F9BD-4593-9EF4-B22F8E170AED}.Debug|x86.ActiveCfg = Debug|Any CPU
		{0A70C676-F9BD-4593-9EF4-B22F8E170AED}.Debug|x86.Build.0 = Debug|Any CPU
		{0A70C676-F9BD-4593-9EF4-B22F8E170AED}.Release|Any CPU.ActiveCfg = Release|Any CPU
		{0A70C676-F9BD-4593-9EF4-B22F8E170AED}.Release|Any CPU.Build.0 = Release|Any CPU
		{0A70C676-F9BD-4593-9EF4-B22F8E170AED}.Release|x86.ActiveCfg = Release|Any CPU
		{0A70C676-F9BD-4593-9EF4-B22F8E170AED}.Release|x86.Build.0 = Release|Any CPU
		{89E4EEF5-7121-435C-817F-1CD8D595F72A}.Debug|Any CPU.ActiveCfg = Debug|Any CPU
		{89E4EEF5-7121-435C-817F-1CD8D595F72A}.Debug|Any CPU.Build.0 = Debug|Any CPU
		{89E4EEF5-7121-435C-817F-1CD8D595F72A}.Debug|x86.ActiveCfg = Debug|Any CPU
		{89E4EEF5-7121-435C-817F-1CD8D595F72A}.Debug|x86.Build.0 = Debug|Any CPU
		{89E4EEF5-7121-435C-817F-1CD8D595F72A}.Release|Any CPU.ActiveCfg = Release|Any CPU
		{89E4EEF5-7121-435C-817F-1CD8D595F72A}.Release|Any CPU.Build.0 = Release|Any CPU
		{89E4EEF5-7121-435C-817F-1CD8D595F72A}.Release|x86.ActiveCfg = Release|Any CPU
		{89E4EEF5-7121-435C-817F-1CD8D595F72A}.Release|x86.Build.0 = Release|Any CPU
		{00EE35EE-F920-4A50-B9BD-AAB02DA5C066}.Debug|Any CPU.ActiveCfg = Debug|Any CPU
		{00EE35EE-F920-4A50-B9BD-AAB02DA5C066}.Debug|Any CPU.Build.0 = Debug|Any CPU
		{00EE35EE-F920-4A50-B9BD-AAB02DA5C066}.Debug|x86.ActiveCfg = Debug|Any CPU
		{00EE35EE-F920-4A50-B9BD-AAB02DA5C066}.Debug|x86.Build.0 = Debug|Any CPU
		{00EE35EE-F920-4A50-B9BD-AAB02DA5C066}.Release|Any CPU.ActiveCfg = Release|Any CPU
		{00EE35EE-F920-4A50-B9BD-AAB02DA5C066}.Release|Any CPU.Build.0 = Release|Any CPU
		{00EE35EE-F920-4A50-B9BD-AAB02DA5C066}.Release|x86.ActiveCfg = Release|Any CPU
		{00EE35EE-F920-4A50-B9BD-AAB02DA5C066}.Release|x86.Build.0 = Release|Any CPU
		{BF27AA81-F01A-45EC-A913-91C406A0620D}.Debug|Any CPU.ActiveCfg = Debug|Any CPU
		{BF27AA81-F01A-45EC-A913-91C406A0620D}.Debug|Any CPU.Build.0 = Debug|Any CPU
		{BF27AA81-F01A-45EC-A913-91C406A0620D}.Debug|x86.ActiveCfg = Debug|Any CPU
		{BF27AA81-F01A-45EC-A913-91C406A0620D}.Debug|x86.Build.0 = Debug|Any CPU
		{BF27AA81-F01A-45EC-A913-91C406A0620D}.Release|Any CPU.ActiveCfg = Release|Any CPU
		{BF27AA81-F01A-45EC-A913-91C406A0620D}.Release|Any CPU.Build.0 = Release|Any CPU
		{BF27AA81-F01A-45EC-A913-91C406A0620D}.Release|x86.ActiveCfg = Release|Any CPU
		{BF27AA81-F01A-45EC-A913-91C406A0620D}.Release|x86.Build.0 = Release|Any CPU
	EndGlobalSection
	GlobalSection(SolutionProperties) = preSolution
		HideSolutionNode = FALSE
	EndGlobalSection
EndGlobal
