
Microsoft Visual Studio Solution File, Format Version 12.00
# Visual Studio 15
VisualStudioVersion = 15.0.27428.2037
MinimumVisualStudioVersion = 10.0.40219.1
Project("{9A19103F-16F7-4668-BE54-9A1E7A4F7556}") = "L2dotNET", "L2dotNET\L2dotNET.csproj", "{8C870A3C-E619-4E93-94F0-08077487B146}"
	ProjectSection(ProjectDependencies) = postProject
		{FD3CD452-6A18-4009-9798-BDC3EE7E58D7} = {FD3CD452-6A18-4009-9798-BDC3EE7E58D7}
		{72666F93-681B-4C85-9B7F-D9124579B1A2} = {72666F93-681B-4C85-9B7F-D9124579B1A2}
	EndProjectSection
EndProject
Project("{9A19103F-16F7-4668-BE54-9A1E7A4F7556}") = "L2dotNET.GameService", "L2dotNET.GameService\L2dotNET.GameService.csproj", "{E77E28EB-46BA-4203-A0C8-F6F8BF83EFB3}"
	ProjectSection(ProjectDependencies) = postProject
		{8C870A3C-E619-4E93-94F0-08077487B146} = {8C870A3C-E619-4E93-94F0-08077487B146}
		{FD3CD452-6A18-4009-9798-BDC3EE7E58D7} = {FD3CD452-6A18-4009-9798-BDC3EE7E58D7}
		{72666F93-681B-4C85-9B7F-D9124579B1A2} = {72666F93-681B-4C85-9B7F-D9124579B1A2}
	EndProjectSection
EndProject
Project("{9A19103F-16F7-4668-BE54-9A1E7A4F7556}") = "L2dotNET.LoginService", "L2dotNET.LoginService\L2dotNET.LoginService.csproj", "{7CD741F7-DEBF-4974-A5E5-5986B5EB5025}"
EndProject
Project("{9A19103F-16F7-4668-BE54-9A1E7A4F7556}") = "L2dotNET.DataContracts", "L2dotNET.Models\L2dotNET.DataContracts.csproj", "{72666F93-681B-4C85-9B7F-D9124579B1A2}"
EndProject
Project("{9A19103F-16F7-4668-BE54-9A1E7A4F7556}") = "L2dotNET.Repositories", "L2dotNET.Repositories\L2dotNET.Repositories.csproj", "{FD3CD452-6A18-4009-9798-BDC3EE7E58D7}"
	ProjectSection(ProjectDependencies) = postProject
		{72666F93-681B-4C85-9B7F-D9124579B1A2} = {72666F93-681B-4C85-9B7F-D9124579B1A2}
	EndProjectSection
EndProject
Project("{D954291E-2A0B-460D-934E-DC6B0785DB48}") = "L2dotNET.Shared", "L2dotNET.Shared\L2dotNET.Shared.shproj", "{BEECAD83-2844-4636-AECD-761BC5EE7F9A}"
EndProject
Project("{9A19103F-16F7-4668-BE54-9A1E7A4F7556}") = "L2dotNET.Logging", "L2dotNet.Logging.Abstraction\L2dotNET.Logging.csproj", "{920EFC4C-499D-48DC-B38C-4BFFF360F1FB}"
EndProject
Project("{00D1A9C2-B5F0-4AF3-8072-F6C62B433612}") = "L2dotNET.Database", "L2dotNET.Database\L2dotNET.Database.sqlproj", "{DC0798C9-CD17-464E-8805-AC67FB2132E7}"
EndProject
Project("{9A19103F-16F7-4668-BE54-9A1E7A4F7556}") = "L2dotNET.DataContracts.Shared", "L2dotNET.DataContracts.Shared\L2dotNET.DataContracts.Shared.csproj", "{E5FDC77E-DE36-44F3-B5B7-424E3D8ECB21}"
EndProject
Global
	GlobalSection(SharedMSBuildProjectFiles) = preSolution
		L2dotNET.Shared\L2dotNET.Shared.projitems*{beecad83-2844-4636-aecd-761bc5ee7f9a}*SharedItemsImports = 13
	EndGlobalSection
	GlobalSection(SolutionConfigurationPlatforms) = preSolution
		Debug|Any CPU = Debug|Any CPU
		Release|Any CPU = Release|Any CPU
	EndGlobalSection
	GlobalSection(ProjectConfigurationPlatforms) = postSolution
		{8C870A3C-E619-4E93-94F0-08077487B146}.Debug|Any CPU.ActiveCfg = Debug|Any CPU
		{8C870A3C-E619-4E93-94F0-08077487B146}.Debug|Any CPU.Build.0 = Debug|Any CPU
		{8C870A3C-E619-4E93-94F0-08077487B146}.Release|Any CPU.ActiveCfg = Release|Any CPU
		{8C870A3C-E619-4E93-94F0-08077487B146}.Release|Any CPU.Build.0 = Release|Any CPU
		{E77E28EB-46BA-4203-A0C8-F6F8BF83EFB3}.Debug|Any CPU.ActiveCfg = Debug|Any CPU
		{E77E28EB-46BA-4203-A0C8-F6F8BF83EFB3}.Debug|Any CPU.Build.0 = Debug|Any CPU
		{E77E28EB-46BA-4203-A0C8-F6F8BF83EFB3}.Release|Any CPU.ActiveCfg = Release|Any CPU
		{E77E28EB-46BA-4203-A0C8-F6F8BF83EFB3}.Release|Any CPU.Build.0 = Release|Any CPU
		{7CD741F7-DEBF-4974-A5E5-5986B5EB5025}.Debug|Any CPU.ActiveCfg = Debug|Any CPU
		{7CD741F7-DEBF-4974-A5E5-5986B5EB5025}.Debug|Any CPU.Build.0 = Debug|Any CPU
		{7CD741F7-DEBF-4974-A5E5-5986B5EB5025}.Release|Any CPU.ActiveCfg = Release|Any CPU
		{7CD741F7-DEBF-4974-A5E5-5986B5EB5025}.Release|Any CPU.Build.0 = Release|Any CPU
		{72666F93-681B-4C85-9B7F-D9124579B1A2}.Debug|Any CPU.ActiveCfg = Debug|Any CPU
		{72666F93-681B-4C85-9B7F-D9124579B1A2}.Debug|Any CPU.Build.0 = Debug|Any CPU
		{72666F93-681B-4C85-9B7F-D9124579B1A2}.Release|Any CPU.ActiveCfg = Release|Any CPU
		{72666F93-681B-4C85-9B7F-D9124579B1A2}.Release|Any CPU.Build.0 = Release|Any CPU
		{FD3CD452-6A18-4009-9798-BDC3EE7E58D7}.Debug|Any CPU.ActiveCfg = Debug|Any CPU
		{FD3CD452-6A18-4009-9798-BDC3EE7E58D7}.Debug|Any CPU.Build.0 = Debug|Any CPU
		{FD3CD452-6A18-4009-9798-BDC3EE7E58D7}.Release|Any CPU.ActiveCfg = Release|Any CPU
		{FD3CD452-6A18-4009-9798-BDC3EE7E58D7}.Release|Any CPU.Build.0 = Release|Any CPU
		{920EFC4C-499D-48DC-B38C-4BFFF360F1FB}.Debug|Any CPU.ActiveCfg = Debug|Any CPU
		{920EFC4C-499D-48DC-B38C-4BFFF360F1FB}.Debug|Any CPU.Build.0 = Debug|Any CPU
		{920EFC4C-499D-48DC-B38C-4BFFF360F1FB}.Release|Any CPU.ActiveCfg = Release|Any CPU
		{920EFC4C-499D-48DC-B38C-4BFFF360F1FB}.Release|Any CPU.Build.0 = Release|Any CPU
		{DC0798C9-CD17-464E-8805-AC67FB2132E7}.Debug|Any CPU.ActiveCfg = Debug|Any CPU
		{DC0798C9-CD17-464E-8805-AC67FB2132E7}.Debug|Any CPU.Build.0 = Debug|Any CPU
		{DC0798C9-CD17-464E-8805-AC67FB2132E7}.Debug|Any CPU.Deploy.0 = Debug|Any CPU
		{DC0798C9-CD17-464E-8805-AC67FB2132E7}.Release|Any CPU.ActiveCfg = Release|Any CPU
		{DC0798C9-CD17-464E-8805-AC67FB2132E7}.Release|Any CPU.Build.0 = Release|Any CPU
		{DC0798C9-CD17-464E-8805-AC67FB2132E7}.Release|Any CPU.Deploy.0 = Release|Any CPU
		{E5FDC77E-DE36-44F3-B5B7-424E3D8ECB21}.Debug|Any CPU.ActiveCfg = Debug|Any CPU
		{E5FDC77E-DE36-44F3-B5B7-424E3D8ECB21}.Debug|Any CPU.Build.0 = Debug|Any CPU
		{E5FDC77E-DE36-44F3-B5B7-424E3D8ECB21}.Release|Any CPU.ActiveCfg = Release|Any CPU
		{E5FDC77E-DE36-44F3-B5B7-424E3D8ECB21}.Release|Any CPU.Build.0 = Release|Any CPU
	EndGlobalSection
	GlobalSection(SolutionProperties) = preSolution
		HideSolutionNode = FALSE
	EndGlobalSection
	GlobalSection(ExtensibilityGlobals) = postSolution
		SolutionGuid = {A2B24BEC-8E56-48DE-AD13-9E15092477AE}
	EndGlobalSection
EndGlobal
